PODS:
  - OpenCV (3.0.0)
  - SVProgressHUD (2.0.3)

DEPENDENCIES:
  - OpenCV (~> 3.0.0)
  - SVProgressHUD

SPEC CHECKSUMS:
  OpenCV: be07c02f0d8f125f1d40d261e66a66cb66ece3b3
  SVProgressHUD: b0830714205bea1317ea1a2ebc71e5633af334d4

PODFILE CHECKSUM: 39714cbbbe7c4f17d3a25e704d10acc27912274f

COCOAPODS: 1.0.1
